{
  "lockfileVersion": 1,
  "configVersion": 1,
  "workspaces": {
    "": {
      "name": "rich-note-remix",
      "dependencies": {
        "@chenglou/pretext": "0.0.3",
        "tone": "^15.1.22",
      },
    },
  },
  "packages": {
    "@babel/runtime": ["@babel/runtime@7.29.2", "", {}, "sha512-JiDShH45zKHWyGe4ZNVRrCjBz8Nh9TMmZG1kh4QTK8hCBTWBi8Da+i7s1fJw7/lYpM4ccepSNfqzZ/QvABBi5g=="],

    "@chenglou/pretext": ["@chenglou/pretext@0.0.3", "", {}, "sha512-RQmqMqUAPRCyv4R3LlRi/ao6KbNWYclqLA+V1HS7sWgyUUbjn3JmmlfXZSY/BjM4rbmIaMSyIVisYocYGYftiQ=="],

    "automation-events": ["automation-events@7.1.16", "", { "dependencies": { "@babel/runtime": "^7.29.2", "tslib": "^2.8.1" } }, "sha512-vAAHG8WO+Cx2PfwmWIAxSD51ZYg+zRam52pzOGVAJOqsqQO6oaPM2k4/cdEF7QQ786FYB8Wzbw//qTWCdyGvzA=="],

    "standardized-audio-context": ["standardized-audio-context@25.3.77", "", { "dependencies": { "@babel/runtime": "^7.25.6", "automation-events": "^7.0.9", "tslib": "^2.7.0" } }, "sha512-Ki9zNz6pKcC5Pi+QPjPyVsD9GwJIJWgryji0XL9cAJXMGyn+dPOf6Qik1AHei0+UNVcc4BOCa0hWLBzlwqsW/A=="],

    "tone": ["tone@15.1.22", "", { "dependencies": { "standardized-audio-context": "^25.3.70", "tslib": "^2.3.1" } }, "sha512-TCScAGD4sLsama5DjvTUXlLDXSqPealhL64nsdV1hhr6frPWve0DeSo63AKnSJwgfg55fhvxj0iPPRwPN5o0ag=="],

    "tslib": ["tslib@2.8.1", "", {}, "sha512-oJFu94HQb+KVduSUQL7wnpmqnfmLsOA/nAh6b6EH0wCEoK0/mPeXU6c3wKDV83MkOuHPRHtSXKKU99IBazS/2w=="],
  }
}
